
Microsoft Visual Studio Solution File, Format Version 12.00
# Visual Studio 15
VisualStudioVersion = 15.0.28307.572
MinimumVisualStudioVersion = 10.0.40219.1
Project("{FAE04EC0-301F-11D3-BF4B-00C04F79EFBC}") = "WebApplication1", "WebApplication1\WebApplication1.csproj", "{1E7CC6EA-4AC7-423A-8B17-124F622CC2C2}"
EndProject
Global
	GlobalSection(SolutionConfigurationPlatforms) = preSolution
		Debug|Any CPU = Debug|Any CPU
		Release|Any CPU = Release|Any CPU
	EndGlobalSection
	GlobalSection(ProjectConfigurationPlatforms) = postSolution
		{1E7CC6EA-4AC7-423A-8B17-124F622CC2C2}.Debug|Any CPU.ActiveCfg = Debug|Any CPU
		{1E7CC6EA-4AC7-423A-8B17-124F622CC2C2}.Debug|Any CPU.Build.0 = Debug|Any CPU
		{1E7CC6EA-4AC7-423A-8B17-124F622CC2C2}.Release|Any CPU.ActiveCfg = Release|Any CPU
		{1E7CC6EA-4AC7-423A-8B17-124F622CC2C2}.Release|Any CPU.Build.0 = Release|Any CPU
	EndGlobalSection
	GlobalSection(SolutionProperties) = preSolution
		HideSolutionNode = FALSE
	EndGlobalSection
	GlobalSection(ExtensibilityGlobals) = postSolution
		SolutionGuid = {7A590D9F-7CC3-4E02-B334-FA3E7B78AC07}
	EndGlobalSection
EndGlobal
